
Microsoft Visual Studio Solution File, Format Version 12.00
# Visual Studio Express 2012 for Web
Project("{FAE04EC0-301F-11D3-BF4B-00C04F79EFBC}") = "ExtendedBlog.Model", "ExtendedBlog.Model\ExtendedBlog.Model.csproj", "{894359C5-59CC-46C2-85A4-FBF7B897BD19}"
EndProject
Project("{FAE04EC0-301F-11D3-BF4B-00C04F79EFBC}") = "ExtendedBlog.Test", "ExtendedBlog.Test\ExtendedBlog.Test.csproj", "{D45C162D-4ACF-46A5-A721-0A31C42ECBFD}"
EndProject
Project("{FAE04EC0-301F-11D3-BF4B-00C04F79EFBC}") = "ExtendedBlog.WebUI", "ExtendedBlog.WebUI\ExtendedBlog.WebUI.csproj", "{49A9CD1D-F16C-4AF7-9EE8-7CEE8FC824F0}"
EndProject
Global
	GlobalSection(SolutionConfigurationPlatforms) = preSolution
		Debug|Any CPU = Debug|Any CPU
		Release|Any CPU = Release|Any CPU
	EndGlobalSection
	GlobalSection(ProjectConfigurationPlatforms) = postSolution
		{894359C5-59CC-46C2-85A4-FBF7B897BD19}.Debug|Any CPU.ActiveCfg = Debug|Any CPU
		{894359C5-59CC-46C2-85A4-FBF7B897BD19}.Debug|Any CPU.Build.0 = Debug|Any CPU
		{894359C5-59CC-46C2-85A4-FBF7B897BD19}.Release|Any CPU.ActiveCfg = Release|Any CPU
		{894359C5-59CC-46C2-85A4-FBF7B897BD19}.Release|Any CPU.Build.0 = Release|Any CPU
		{D45C162D-4ACF-46A5-A721-0A31C42ECBFD}.Debug|Any CPU.ActiveCfg = Debug|Any CPU
		{D45C162D-4ACF-46A5-A721-0A31C42ECBFD}.Debug|Any CPU.Build.0 = Debug|Any CPU
		{D45C162D-4ACF-46A5-A721-0A31C42ECBFD}.Release|Any CPU.ActiveCfg = Release|Any CPU
		{D45C162D-4ACF-46A5-A721-0A31C42ECBFD}.Release|Any CPU.Build.0 = Release|Any CPU
		{49A9CD1D-F16C-4AF7-9EE8-7CEE8FC824F0}.Debug|Any CPU.ActiveCfg = Debug|Any CPU
		{49A9CD1D-F16C-4AF7-9EE8-7CEE8FC824F0}.Debug|Any CPU.Build.0 = Debug|Any CPU
		{49A9CD1D-F16C-4AF7-9EE8-7CEE8FC824F0}.Release|Any CPU.ActiveCfg = Release|Any CPU
		{49A9CD1D-F16C-4AF7-9EE8-7CEE8FC824F0}.Release|Any CPU.Build.0 = Release|Any CPU
	EndGlobalSection
	GlobalSection(SolutionProperties) = preSolution
		HideSolutionNode = FALSE
	EndGlobalSection
EndGlobal
